
Microsoft Visual Studio Solution File, Format Version 12.00
# Visual Studio Version 16
VisualStudioVersion = 16.0.29905.134
MinimumVisualStudioVersion = 10.0.40219.1
Project("{FAE04EC0-301F-11D3-BF4B-00C04F79EFBC}") = "BikeRentApp", "BikeRentApp\BikeRentApp.csproj", "{979C02A9-0420-4A3A-A16E-59CEC5D5D7A8}"
EndProject
Project("{FAE04EC0-301F-11D3-BF4B-00C04F79EFBC}") = "BikeRentApp.Core", "BikeRentApp.Core\BikeRentApp.Core.csproj", "{95B489AE-DACE-4A24-84E7-B05EC4B46422}"
EndProject
Project("{FAE04EC0-301F-11D3-BF4B-00C04F79EFBC}") = "BikeRentApp.Data", "BikeRentApp.Data\BikeRentApp.Data.csproj", "{7852BF78-E97F-4C9D-BA3C-F5E81488405A}"
EndProject
Global
	GlobalSection(SolutionConfigurationPlatforms) = preSolution
		Debug|Any CPU = Debug|Any CPU
		Release|Any CPU = Release|Any CPU
	EndGlobalSection
	GlobalSection(ProjectConfigurationPlatforms) = postSolution
		{979C02A9-0420-4A3A-A16E-59CEC5D5D7A8}.Debug|Any CPU.ActiveCfg = Debug|Any CPU
		{979C02A9-0420-4A3A-A16E-59CEC5D5D7A8}.Debug|Any CPU.Build.0 = Debug|Any CPU
		{979C02A9-0420-4A3A-A16E-59CEC5D5D7A8}.Release|Any CPU.ActiveCfg = Release|Any CPU
		{979C02A9-0420-4A3A-A16E-59CEC5D5D7A8}.Release|Any CPU.Build.0 = Release|Any CPU
		{95B489AE-DACE-4A24-84E7-B05EC4B46422}.Debug|Any CPU.ActiveCfg = Debug|Any CPU
		{95B489AE-DACE-4A24-84E7-B05EC4B46422}.Debug|Any CPU.Build.0 = Debug|Any CPU
		{95B489AE-DACE-4A24-84E7-B05EC4B46422}.Release|Any CPU.ActiveCfg = Release|Any CPU
		{95B489AE-DACE-4A24-84E7-B05EC4B46422}.Release|Any CPU.Build.0 = Release|Any CPU
		{7852BF78-E97F-4C9D-BA3C-F5E81488405A}.Debug|Any CPU.ActiveCfg = Debug|Any CPU
		{7852BF78-E97F-4C9D-BA3C-F5E81488405A}.Debug|Any CPU.Build.0 = Debug|Any CPU
		{7852BF78-E97F-4C9D-BA3C-F5E81488405A}.Release|Any CPU.ActiveCfg = Release|Any CPU
		{7852BF78-E97F-4C9D-BA3C-F5E81488405A}.Release|Any CPU.Build.0 = Release|Any CPU
	EndGlobalSection
	GlobalSection(SolutionProperties) = preSolution
		HideSolutionNode = FALSE
	EndGlobalSection
	GlobalSection(ExtensibilityGlobals) = postSolution
		SolutionGuid = {B9ACC9D2-52BF-4F3B-B29C-B9A26D01EE61}
	EndGlobalSection
EndGlobal
